
Microsoft Visual Studio Solution File, Format Version 12.00
# Visual Studio 15
VisualStudioVersion = 15.0.28307.271
MinimumVisualStudioVersion = 10.0.40219.1
Project("{2150E333-8FDC-42A3-9474-1A3956D46DE8}") = "Solution Items", "Solution Items", "{E04CE984-6264-461F-951C-91BE721E1FC3}"
	ProjectSection(SolutionItems) = preProject
		.editorconfig = .editorconfig
	EndProjectSection
EndProject
Project("{9A19103F-16F7-4668-BE54-9A1E7A4F7556}") = "Basic", "Basic\Basic.csproj", "{7B1F6267-5D87-460C-9BB2-7352D06F7382}"
EndProject
Project("{9A19103F-16F7-4668-BE54-9A1E7A4F7556}") = "Scopes", "Scopes\Scopes.csproj", "{CBDA0EEF-ED2C-4212-A117-FA07684A0751}"
EndProject
Global
	GlobalSection(SolutionConfigurationPlatforms) = preSolution
		Debug|Any CPU = Debug|Any CPU
		Release|Any CPU = Release|Any CPU
	EndGlobalSection
	GlobalSection(ProjectConfigurationPlatforms) = postSolution
		{7B1F6267-5D87-460C-9BB2-7352D06F7382}.Debug|Any CPU.ActiveCfg = Debug|Any CPU
		{7B1F6267-5D87-460C-9BB2-7352D06F7382}.Debug|Any CPU.Build.0 = Debug|Any CPU
		{7B1F6267-5D87-460C-9BB2-7352D06F7382}.Release|Any CPU.ActiveCfg = Release|Any CPU
		{7B1F6267-5D87-460C-9BB2-7352D06F7382}.Release|Any CPU.Build.0 = Release|Any CPU
		{CBDA0EEF-ED2C-4212-A117-FA07684A0751}.Debug|Any CPU.ActiveCfg = Debug|Any CPU
		{CBDA0EEF-ED2C-4212-A117-FA07684A0751}.Debug|Any CPU.Build.0 = Debug|Any CPU
		{CBDA0EEF-ED2C-4212-A117-FA07684A0751}.Release|Any CPU.ActiveCfg = Release|Any CPU
		{CBDA0EEF-ED2C-4212-A117-FA07684A0751}.Release|Any CPU.Build.0 = Release|Any CPU
	EndGlobalSection
	GlobalSection(SolutionProperties) = preSolution
		HideSolutionNode = FALSE
	EndGlobalSection
	GlobalSection(ExtensibilityGlobals) = postSolution
		SolutionGuid = {5AFA42EC-30E3-4ACF-A84F-DB278B00ACAA}
	EndGlobalSection
EndGlobal
